
Microsoft Visual Studio Solution File, Format Version 12.00
# Visual Studio 15
VisualStudioVersion = 15.0.28307.539
MinimumVisualStudioVersion = 10.0.40219.1
Project("{FAE04EC0-301F-11D3-BF4B-00C04F79EFBC}") = "ArraysTest", "ConsoleApp6\ArraysTest.csproj", "{CA068ABE-2F06-43C3-A466-89C209AB0480}"
EndProject
Project("{FAE04EC0-301F-11D3-BF4B-00C04F79EFBC}") = "Volume", "Volume\Volume.csproj", "{883A226D-E682-4297-A98C-791FE24FD635}"
EndProject
Project("{FAE04EC0-301F-11D3-BF4B-00C04F79EFBC}") = "ConeVolume", "ConeVolume\ConeVolume.csproj", "{FF725884-800C-4C0D-A0F5-95204E185F0C}"
EndProject
Project("{FAE04EC0-301F-11D3-BF4B-00C04F79EFBC}") = "ConeVolumeSpoj", "ConeVolumeSpoj\ConeVolumeSpoj.csproj", "{083628EE-35F7-414D-AC40-F193BC890849}"
EndProject
Global
	GlobalSection(SolutionConfigurationPlatforms) = preSolution
		Debug|Any CPU = Debug|Any CPU
		Release|Any CPU = Release|Any CPU
	EndGlobalSection
	GlobalSection(ProjectConfigurationPlatforms) = postSolution
		{CA068ABE-2F06-43C3-A466-89C209AB0480}.Debug|Any CPU.ActiveCfg = Debug|Any CPU
		{CA068ABE-2F06-43C3-A466-89C209AB0480}.Debug|Any CPU.Build.0 = Debug|Any CPU
		{CA068ABE-2F06-43C3-A466-89C209AB0480}.Release|Any CPU.ActiveCfg = Release|Any CPU
		{CA068ABE-2F06-43C3-A466-89C209AB0480}.Release|Any CPU.Build.0 = Release|Any CPU
		{883A226D-E682-4297-A98C-791FE24FD635}.Debug|Any CPU.ActiveCfg = Debug|Any CPU
		{883A226D-E682-4297-A98C-791FE24FD635}.Debug|Any CPU.Build.0 = Debug|Any CPU
		{883A226D-E682-4297-A98C-791FE24FD635}.Release|Any CPU.ActiveCfg = Release|Any CPU
		{883A226D-E682-4297-A98C-791FE24FD635}.Release|Any CPU.Build.0 = Release|Any CPU
		{FF725884-800C-4C0D-A0F5-95204E185F0C}.Debug|Any CPU.ActiveCfg = Debug|Any CPU
		{FF725884-800C-4C0D-A0F5-95204E185F0C}.Debug|Any CPU.Build.0 = Debug|Any CPU
		{FF725884-800C-4C0D-A0F5-95204E185F0C}.Release|Any CPU.ActiveCfg = Release|Any CPU
		{FF725884-800C-4C0D-A0F5-95204E185F0C}.Release|Any CPU.Build.0 = Release|Any CPU
		{083628EE-35F7-414D-AC40-F193BC890849}.Debug|Any CPU.ActiveCfg = Debug|Any CPU
		{083628EE-35F7-414D-AC40-F193BC890849}.Debug|Any CPU.Build.0 = Debug|Any CPU
		{083628EE-35F7-414D-AC40-F193BC890849}.Release|Any CPU.ActiveCfg = Release|Any CPU
		{083628EE-35F7-414D-AC40-F193BC890849}.Release|Any CPU.Build.0 = Release|Any CPU
	EndGlobalSection
	GlobalSection(SolutionProperties) = preSolution
		HideSolutionNode = FALSE
	EndGlobalSection
	GlobalSection(ExtensibilityGlobals) = postSolution
		SolutionGuid = {60E83A35-710E-4013-96AB-87807A34496E}
	EndGlobalSection
EndGlobal
